{
  "version": 4,
  "terraform_version": "1.5.0",
  "serial": 4,
  "lineage": "7c71a692-4cde-c7b0-7ab6-d77407f2fad2",
  "outputs": {},
  "resources": [
    {
      "mode": "managed",
      "type": "local_file",
      "name": "state",
      "provider": "provider[\"registry.terraform.io/hashicorp/local\"]",
      "instances": [
        {
          "schema_version": 0,
          "attributes": {
            "content": "This configuration uses remote state",
            "content_base64": null,
            "content_base64sha256": "0LW98nZSAyq0zxhYMyDw62Mh6f3XbuLcXSQ0GNsIQw8=",
            "content_base64sha512": "TTfYqU490Vyy133qpANyqMDNh9rmXYbyj8CFwX934s7zJ0MYypfUgyOGvSPbo9cZTLxBmmkYLbUTQM4XOqbVnw==",
            "content_md5": "aa782485fc84a27b6cac87b4e91b0ff2",
            "content_sha1": "2d48160ec09ddaa56088de1b1dc3df9f8a28ec24",
            "content_sha256": "d0b5bdf27652032ab4cf18583320f0eb6321e9fdd76ee2dc5d243418db08430f",
            "content_sha512": "4d37d8a94e3dd15cb2d77deaa40372a8c0cd87dae65d86f28fc085c17f77e2cef3274318ca97d4832386bd23dba3d7194cbc419a69182db51340ce173aa6d59f",
            "directory_permission": "0777",
            "file_permission": "0777",
            "filename": "/root/remote",
            "id": "2d48160ec09ddaa56088de1b1dc3df9f8a28ec24",
            "sensitive_content": null,
            "source": null
          },
          "sensitive_attributes": []
        }
      ]
    }
  ],
  "check_results": null
}
